
Microsoft Visual Studio Solution File, Format Version 12.00
# Visual Studio Version 17
VisualStudioVersion = 17.4.33213.308
MinimumVisualStudioVersion = 10.0.40219.1
Project("{FAE04EC0-301F-11D3-BF4B-00C04F79EFBC}") = "EvtLogger1", "EvtLogger1.csproj", "{523F54BE-5755-4CE9-93BB-23B7EDF2C772}"
EndProject
Global
	GlobalSection(SolutionConfigurationPlatforms) = preSolution
		Debug|Any CPU = Debug|Any CPU
		Release|Any CPU = Release|Any CPU
	EndGlobalSection
	GlobalSection(ProjectConfigurationPlatforms) = postSolution
		{523F54BE-5755-4CE9-93BB-23B7EDF2C772}.Debug|Any CPU.ActiveCfg = Debug|Any CPU
		{523F54BE-5755-4CE9-93BB-23B7EDF2C772}.Debug|Any CPU.Build.0 = Debug|Any CPU
		{523F54BE-5755-4CE9-93BB-23B7EDF2C772}.Release|Any CPU.ActiveCfg = Release|Any CPU
		{523F54BE-5755-4CE9-93BB-23B7EDF2C772}.Release|Any CPU.Build.0 = Release|Any CPU
	EndGlobalSection
	GlobalSection(SolutionProperties) = preSolution
		HideSolutionNode = FALSE
	EndGlobalSection
	GlobalSection(ExtensibilityGlobals) = postSolution
		SolutionGuid = {52696BB5-B931-4F55-9DD0-592E023E2A6C}
	EndGlobalSection
EndGlobal
